
Microsoft Visual Studio Solution File, Format Version 12.00
# Visual Studio Version 17
VisualStudioVersion = 17.13.35931.197
MinimumVisualStudioVersion = 10.0.40219.1
Project("{FAE04EC0-301F-11D3-BF4B-00C04F79EFBC}") = "CanKit.Core", "src\CanKit.Core\CanKit.Core.csproj", "{FAEC4575-7237-465F-9858-B38135176125}"
EndProject
Project("{FAE04EC0-301F-11D3-BF4B-00C04F79EFBC}") = "CanKit.Adapter.ZLG", "src\CanKit.Adapter.ZLG\CanKit.Adapter.ZLG.csproj", "{446B2183-A4B0-4E78-BF4B-F077ED6B9B55}"
EndProject
Project("{FAE04EC0-301F-11D3-BF4B-00C04F79EFBC}") = "CanKit.Adapter.SocketCAN", "src\CanKit.Adapter.SocketCAN\CanKit.Adapter.SocketCAN.csproj", "{B7B6D8C2-4E33-4E1E-AC1D-1B1A3B9A6E42}"
EndProject
Project("{FAE04EC0-301F-11D3-BF4B-00C04F79EFBC}") = "CanKit.Adapter.PCAN", "src\CanKit.Adapter.PCAN\CanKit.Adapter.PCAN.csproj", "{6A1D3C3E-AB12-4D0E-9F4C-23CB3B6C51A2}"
EndProject
Project("{FAE04EC0-301F-11D3-BF4B-00C04F79EFBC}") = "CanKit.Adapter.Kvaser", "src\CanKit.Adapter.Kvaser\CanKit.Adapter.Kvaser.csproj", "{BF250745-CA59-4AD7-B3A5-6939D017D0D2}"
EndProject
Project("{FAE04EC0-301F-11D3-BF4B-00C04F79EFBC}") = "CanKit.Adapter.Virtual", "src\CanKit.Adapter.Virtual\CanKit.Adapter.Virtual.csproj", "{D0F1A9C5-3EAF-4E3D-9C9C-F79B214F6354}"
EndProject
Project("{2150E333-8FDC-42A3-9474-1A3956D46DE8}") = "samples", "samples", "{3FBFDE2E-281C-464B-A8DF-E3FFC139F9D4}"
EndProject
Project("{FAE04EC0-301F-11D3-BF4B-00C04F79EFBC}") = "CanKit.Sample.ListEndpoints", "samples\CanKit.Sample.ListEndpoints\CanKit.Sample.ListEndpoints.csproj", "{0CA79E2A-9619-4CAF-B5C8-11DFAB9F8B59}"
EndProject
Project("{FAE04EC0-301F-11D3-BF4B-00C04F79EFBC}") = "CanKit.Sample.QuickStartTxRx", "samples\CanKit.Sample.QuickStartTxRx\CanKit.Sample.QuickStartTxRx.csproj", "{FDAF66C9-024E-4216-83E1-24DCCEB8308D}"
EndProject
Project("{FAE04EC0-301F-11D3-BF4B-00C04F79EFBC}") = "CanKit.Sample.Sniffer", "samples\CanKit.Sample.Sniffer\CanKit.Sample.Sniffer.csproj", "{03FC09BC-2CBE-4CE8-BF55-F8AA73EE2C2A}"
EndProject
Project("{FAE04EC0-301F-11D3-BF4B-00C04F79EFBC}") = "CanKit.Sample.PeriodicTx", "samples\CanKit.Sample.PeriodicTx\CanKit.Sample.PeriodicTx.csproj", "{257943CD-1996-4A83-BFFC-35764A2BEF4D}"
EndProject
Project("{FAE04EC0-301F-11D3-BF4B-00C04F79EFBC}") = "CanKit.Sample.Bridge", "samples\CanKit.Sample.Bridge\CanKit.Sample.Bridge.csproj", "{3AC474A7-0BC6-42CE-91E8-909EE45CABE3}"
EndProject
Project("{FAE04EC0-301F-11D3-BF4B-00C04F79EFBC}") = "CanKit.Sample.Benchmark", "samples\CanKit.Sample.Benchmark\CanKit.Sample.Benchmark.csproj", "{929A28E5-A8DA-4D9D-A07F-C32908BE1489}"
EndProject
Project("{FAE04EC0-301F-11D3-BF4B-00C04F79EFBC}") = "CanKit.Sample.DualBusTest", "samples\CanKit.Sample.DualBusTest\CanKit.Sample.DualBusTest.csproj", "{68919334-534B-4A1E-BBF3-5904D7DD6BC6}"
EndProject
Project("{2150E333-8FDC-42A3-9474-1A3956D46DE8}") = "tests", "tests", "{A6B824A9-0F9E-4D7A-AB0E-9E6E0B4B4D5C}"
EndProject
Project("{FAE04EC0-301F-11D3-BF4B-00C04F79EFBC}") = "CanKit.Tests", "tests\CanKit.Tests\CanKit.Tests.csproj", "{8A3A1A69-1E50-4B0F-8E3E-D3B3B4B6308C}"
EndProject
Project("{FAE04EC0-301F-11D3-BF4B-00C04F79EFBC}") = "CanKit.Adapter.ControlCAN", "src\CanKit.Adapter.ControlCAN\CanKit.Adapter.ControlCAN.csproj", "{8AA53612-783C-4068-B200-C80C8E8C9B45}"
EndProject
Project("{FAE04EC0-301F-11D3-BF4B-00C04F79EFBC}") = "CanKit.Adapter.Vector", "src\CanKit.Adapter.Vector\CanKit.Adapter.Vector.csproj", "{58294F8C-2719-4DAB-BAAB-5F0CC2EF1AE2}"
EndProject
Global
	GlobalSection(SolutionConfigurationPlatforms) = preSolution
		Debug|Any CPU = Debug|Any CPU
		Debug|x64 = Debug|x64
		Debug|x86 = Debug|x86
		Fake|Any CPU = Fake|Any CPU
		Fake|x64 = Fake|x64
		Fake|x86 = Fake|x86
		Release|Any CPU = Release|Any CPU
		Release|x64 = Release|x64
		Release|x86 = Release|x86
	EndGlobalSection
	GlobalSection(ProjectConfigurationPlatforms) = postSolution
		{FAEC4575-7237-465F-9858-B38135176125}.Debug|Any CPU.ActiveCfg = Debug|Any CPU
		{FAEC4575-7237-465F-9858-B38135176125}.Debug|Any CPU.Build.0 = Debug|Any CPU
		{FAEC4575-7237-465F-9858-B38135176125}.Debug|x64.ActiveCfg = Debug|Any CPU
		{FAEC4575-7237-465F-9858-B38135176125}.Debug|x64.Build.0 = Debug|Any CPU
		{FAEC4575-7237-465F-9858-B38135176125}.Debug|x86.ActiveCfg = Debug|Any CPU
		{FAEC4575-7237-465F-9858-B38135176125}.Debug|x86.Build.0 = Debug|Any CPU
		{FAEC4575-7237-465F-9858-B38135176125}.Fake|Any CPU.ActiveCfg = Fake|Any CPU
		{FAEC4575-7237-465F-9858-B38135176125}.Fake|Any CPU.Build.0 = Fake|Any CPU
		{FAEC4575-7237-465F-9858-B38135176125}.Fake|x64.ActiveCfg = Fake|Any CPU
		{FAEC4575-7237-465F-9858-B38135176125}.Fake|x64.Build.0 = Fake|Any CPU
		{FAEC4575-7237-465F-9858-B38135176125}.Fake|x86.ActiveCfg = Fake|Any CPU
		{FAEC4575-7237-465F-9858-B38135176125}.Fake|x86.Build.0 = Fake|Any CPU
		{FAEC4575-7237-465F-9858-B38135176125}.Release|Any CPU.ActiveCfg = Release|Any CPU
		{FAEC4575-7237-465F-9858-B38135176125}.Release|Any CPU.Build.0 = Release|Any CPU
		{FAEC4575-7237-465F-9858-B38135176125}.Release|x64.ActiveCfg = Release|Any CPU
		{FAEC4575-7237-465F-9858-B38135176125}.Release|x64.Build.0 = Release|Any CPU
		{FAEC4575-7237-465F-9858-B38135176125}.Release|x86.ActiveCfg = Release|Any CPU
		{FAEC4575-7237-465F-9858-B38135176125}.Release|x86.Build.0 = Release|Any CPU
		{446B2183-A4B0-4E78-BF4B-F077ED6B9B55}.Debug|Any CPU.ActiveCfg = Debug|Any CPU
		{446B2183-A4B0-4E78-BF4B-F077ED6B9B55}.Debug|Any CPU.Build.0 = Debug|Any CPU
		{446B2183-A4B0-4E78-BF4B-F077ED6B9B55}.Debug|x64.ActiveCfg = Debug|x64
		{446B2183-A4B0-4E78-BF4B-F077ED6B9B55}.Debug|x64.Build.0 = Debug|x64
		{446B2183-A4B0-4E78-BF4B-F077ED6B9B55}.Debug|x86.ActiveCfg = Debug|x86
		{446B2183-A4B0-4E78-BF4B-F077ED6B9B55}.Debug|x86.Build.0 = Debug|x86
		{446B2183-A4B0-4E78-BF4B-F077ED6B9B55}.Fake|Any CPU.ActiveCfg = Fake|Any CPU
		{446B2183-A4B0-4E78-BF4B-F077ED6B9B55}.Fake|Any CPU.Build.0 = Fake|Any CPU
		{446B2183-A4B0-4E78-BF4B-F077ED6B9B55}.Fake|x64.ActiveCfg = Fake|x64
		{446B2183-A4B0-4E78-BF4B-F077ED6B9B55}.Fake|x64.Build.0 = Fake|x64
		{446B2183-A4B0-4E78-BF4B-F077ED6B9B55}.Fake|x86.ActiveCfg = Fake|x86
		{446B2183-A4B0-4E78-BF4B-F077ED6B9B55}.Fake|x86.Build.0 = Fake|x86
		{446B2183-A4B0-4E78-BF4B-F077ED6B9B55}.Release|Any CPU.ActiveCfg = Release|Any CPU
		{446B2183-A4B0-4E78-BF4B-F077ED6B9B55}.Release|Any CPU.Build.0 = Release|Any CPU
		{446B2183-A4B0-4E78-BF4B-F077ED6B9B55}.Release|x64.ActiveCfg = Release|x64
		{446B2183-A4B0-4E78-BF4B-F077ED6B9B55}.Release|x64.Build.0 = Release|x64
		{446B2183-A4B0-4E78-BF4B-F077ED6B9B55}.Release|x86.ActiveCfg = Release|x86
		{446B2183-A4B0-4E78-BF4B-F077ED6B9B55}.Release|x86.Build.0 = Release|x86
		{B7B6D8C2-4E33-4E1E-AC1D-1B1A3B9A6E42}.Debug|Any CPU.ActiveCfg = Debug|Any CPU
		{B7B6D8C2-4E33-4E1E-AC1D-1B1A3B9A6E42}.Debug|Any CPU.Build.0 = Debug|Any CPU
		{B7B6D8C2-4E33-4E1E-AC1D-1B1A3B9A6E42}.Debug|x64.ActiveCfg = Debug|Any CPU
		{B7B6D8C2-4E33-4E1E-AC1D-1B1A3B9A6E42}.Debug|x64.Build.0 = Debug|Any CPU
		{B7B6D8C2-4E33-4E1E-AC1D-1B1A3B9A6E42}.Debug|x86.ActiveCfg = Debug|Any CPU
		{B7B6D8C2-4E33-4E1E-AC1D-1B1A3B9A6E42}.Debug|x86.Build.0 = Debug|Any CPU
		{B7B6D8C2-4E33-4E1E-AC1D-1B1A3B9A6E42}.Fake|Any CPU.ActiveCfg = Fake|Any CPU
		{B7B6D8C2-4E33-4E1E-AC1D-1B1A3B9A6E42}.Fake|Any CPU.Build.0 = Fake|Any CPU
		{B7B6D8C2-4E33-4E1E-AC1D-1B1A3B9A6E42}.Fake|x64.ActiveCfg = Fake|Any CPU
		{B7B6D8C2-4E33-4E1E-AC1D-1B1A3B9A6E42}.Fake|x64.Build.0 = Fake|Any CPU
		{B7B6D8C2-4E33-4E1E-AC1D-1B1A3B9A6E42}.Fake|x86.ActiveCfg = Fake|Any CPU
		{B7B6D8C2-4E33-4E1E-AC1D-1B1A3B9A6E42}.Fake|x86.Build.0 = Fake|Any CPU
		{B7B6D8C2-4E33-4E1E-AC1D-1B1A3B9A6E42}.Release|Any CPU.ActiveCfg = Release|Any CPU
		{B7B6D8C2-4E33-4E1E-AC1D-1B1A3B9A6E42}.Release|Any CPU.Build.0 = Release|Any CPU
		{B7B6D8C2-4E33-4E1E-AC1D-1B1A3B9A6E42}.Release|x64.ActiveCfg = Release|Any CPU
		{B7B6D8C2-4E33-4E1E-AC1D-1B1A3B9A6E42}.Release|x64.Build.0 = Release|Any CPU
		{B7B6D8C2-4E33-4E1E-AC1D-1B1A3B9A6E42}.Release|x86.ActiveCfg = Release|Any CPU
		{B7B6D8C2-4E33-4E1E-AC1D-1B1A3B9A6E42}.Release|x86.Build.0 = Release|Any CPU
		{6A1D3C3E-AB12-4D0E-9F4C-23CB3B6C51A2}.Debug|Any CPU.ActiveCfg = Debug|Any CPU
		{6A1D3C3E-AB12-4D0E-9F4C-23CB3B6C51A2}.Debug|Any CPU.Build.0 = Debug|Any CPU
		{6A1D3C3E-AB12-4D0E-9F4C-23CB3B6C51A2}.Debug|x64.ActiveCfg = Debug|Any CPU
		{6A1D3C3E-AB12-4D0E-9F4C-23CB3B6C51A2}.Debug|x64.Build.0 = Debug|Any CPU
		{6A1D3C3E-AB12-4D0E-9F4C-23CB3B6C51A2}.Debug|x86.ActiveCfg = Debug|Any CPU
		{6A1D3C3E-AB12-4D0E-9F4C-23CB3B6C51A2}.Debug|x86.Build.0 = Debug|Any CPU
		{6A1D3C3E-AB12-4D0E-9F4C-23CB3B6C51A2}.Fake|Any CPU.ActiveCfg = Fake|Any CPU
		{6A1D3C3E-AB12-4D0E-9F4C-23CB3B6C51A2}.Fake|Any CPU.Build.0 = Fake|Any CPU
		{6A1D3C3E-AB12-4D0E-9F4C-23CB3B6C51A2}.Fake|x64.ActiveCfg = Fake|Any CPU
		{6A1D3C3E-AB12-4D0E-9F4C-23CB3B6C51A2}.Fake|x64.Build.0 = Fake|Any CPU
		{6A1D3C3E-AB12-4D0E-9F4C-23CB3B6C51A2}.Fake|x86.ActiveCfg = Fake|Any CPU
		{6A1D3C3E-AB12-4D0E-9F4C-23CB3B6C51A2}.Fake|x86.Build.0 = Fake|Any CPU
		{6A1D3C3E-AB12-4D0E-9F4C-23CB3B6C51A2}.Release|Any CPU.ActiveCfg = Release|Any CPU
		{6A1D3C3E-AB12-4D0E-9F4C-23CB3B6C51A2}.Release|Any CPU.Build.0 = Release|Any CPU
		{6A1D3C3E-AB12-4D0E-9F4C-23CB3B6C51A2}.Release|x64.ActiveCfg = Release|Any CPU
		{6A1D3C3E-AB12-4D0E-9F4C-23CB3B6C51A2}.Release|x64.Build.0 = Release|Any CPU
		{6A1D3C3E-AB12-4D0E-9F4C-23CB3B6C51A2}.Release|x86.ActiveCfg = Release|Any CPU
		{6A1D3C3E-AB12-4D0E-9F4C-23CB3B6C51A2}.Release|x86.Build.0 = Release|Any CPU
		{BF250745-CA59-4AD7-B3A5-6939D017D0D2}.Debug|Any CPU.ActiveCfg = Debug|Any CPU
		{BF250745-CA59-4AD7-B3A5-6939D017D0D2}.Debug|Any CPU.Build.0 = Debug|Any CPU
		{BF250745-CA59-4AD7-B3A5-6939D017D0D2}.Debug|x64.ActiveCfg = Debug|Any CPU
		{BF250745-CA59-4AD7-B3A5-6939D017D0D2}.Debug|x64.Build.0 = Debug|Any CPU
		{BF250745-CA59-4AD7-B3A5-6939D017D0D2}.Debug|x86.ActiveCfg = Debug|Any CPU
		{BF250745-CA59-4AD7-B3A5-6939D017D0D2}.Debug|x86.Build.0 = Debug|Any CPU
		{BF250745-CA59-4AD7-B3A5-6939D017D0D2}.Fake|Any CPU.ActiveCfg = Fake|Any CPU
		{BF250745-CA59-4AD7-B3A5-6939D017D0D2}.Fake|Any CPU.Build.0 = Fake|Any CPU
		{BF250745-CA59-4AD7-B3A5-6939D017D0D2}.Fake|x64.ActiveCfg = Fake|Any CPU
		{BF250745-CA59-4AD7-B3A5-6939D017D0D2}.Fake|x64.Build.0 = Fake|Any CPU
		{BF250745-CA59-4AD7-B3A5-6939D017D0D2}.Fake|x86.ActiveCfg = Fake|Any CPU
		{BF250745-CA59-4AD7-B3A5-6939D017D0D2}.Fake|x86.Build.0 = Fake|Any CPU
		{BF250745-CA59-4AD7-B3A5-6939D017D0D2}.Release|Any CPU.ActiveCfg = Release|Any CPU
		{BF250745-CA59-4AD7-B3A5-6939D017D0D2}.Release|Any CPU.Build.0 = Release|Any CPU
		{BF250745-CA59-4AD7-B3A5-6939D017D0D2}.Release|x64.ActiveCfg = Release|Any CPU
		{BF250745-CA59-4AD7-B3A5-6939D017D0D2}.Release|x64.Build.0 = Release|Any CPU
		{BF250745-CA59-4AD7-B3A5-6939D017D0D2}.Release|x86.ActiveCfg = Release|Any CPU
		{BF250745-CA59-4AD7-B3A5-6939D017D0D2}.Release|x86.Build.0 = Release|Any CPU
		{D0F1A9C5-3EAF-4E3D-9C9C-F79B214F6354}.Debug|Any CPU.ActiveCfg = Debug|Any CPU
		{D0F1A9C5-3EAF-4E3D-9C9C-F79B214F6354}.Debug|Any CPU.Build.0 = Debug|Any CPU
		{D0F1A9C5-3EAF-4E3D-9C9C-F79B214F6354}.Debug|x64.ActiveCfg = Debug|Any CPU
		{D0F1A9C5-3EAF-4E3D-9C9C-F79B214F6354}.Debug|x64.Build.0 = Debug|Any CPU
		{D0F1A9C5-3EAF-4E3D-9C9C-F79B214F6354}.Debug|x86.ActiveCfg = Debug|Any CPU
		{D0F1A9C5-3EAF-4E3D-9C9C-F79B214F6354}.Debug|x86.Build.0 = Debug|Any CPU
		{D0F1A9C5-3EAF-4E3D-9C9C-F79B214F6354}.Fake|Any CPU.ActiveCfg = Fake|Any CPU
		{D0F1A9C5-3EAF-4E3D-9C9C-F79B214F6354}.Fake|Any CPU.Build.0 = Fake|Any CPU
		{D0F1A9C5-3EAF-4E3D-9C9C-F79B214F6354}.Fake|x64.ActiveCfg = Fake|Any CPU
		{D0F1A9C5-3EAF-4E3D-9C9C-F79B214F6354}.Fake|x64.Build.0 = Fake|Any CPU
		{D0F1A9C5-3EAF-4E3D-9C9C-F79B214F6354}.Fake|x86.ActiveCfg = Fake|Any CPU
		{D0F1A9C5-3EAF-4E3D-9C9C-F79B214F6354}.Fake|x86.Build.0 = Fake|Any CPU
		{D0F1A9C5-3EAF-4E3D-9C9C-F79B214F6354}.Release|Any CPU.ActiveCfg = Release|Any CPU
		{D0F1A9C5-3EAF-4E3D-9C9C-F79B214F6354}.Release|Any CPU.Build.0 = Release|Any CPU
		{D0F1A9C5-3EAF-4E3D-9C9C-F79B214F6354}.Release|x64.ActiveCfg = Release|Any CPU
		{D0F1A9C5-3EAF-4E3D-9C9C-F79B214F6354}.Release|x64.Build.0 = Release|Any CPU
		{D0F1A9C5-3EAF-4E3D-9C9C-F79B214F6354}.Release|x86.ActiveCfg = Release|Any CPU
		{D0F1A9C5-3EAF-4E3D-9C9C-F79B214F6354}.Release|x86.Build.0 = Release|Any CPU
		{0CA79E2A-9619-4CAF-B5C8-11DFAB9F8B59}.Debug|Any CPU.ActiveCfg = Debug|Any CPU
		{0CA79E2A-9619-4CAF-B5C8-11DFAB9F8B59}.Debug|Any CPU.Build.0 = Debug|Any CPU
		{0CA79E2A-9619-4CAF-B5C8-11DFAB9F8B59}.Debug|x64.ActiveCfg = Debug|x64
		{0CA79E2A-9619-4CAF-B5C8-11DFAB9F8B59}.Debug|x64.Build.0 = Debug|x64
		{0CA79E2A-9619-4CAF-B5C8-11DFAB9F8B59}.Debug|x86.ActiveCfg = Debug|x86
		{0CA79E2A-9619-4CAF-B5C8-11DFAB9F8B59}.Debug|x86.Build.0 = Debug|x86
		{0CA79E2A-9619-4CAF-B5C8-11DFAB9F8B59}.Fake|Any CPU.ActiveCfg = Fake|Any CPU
		{0CA79E2A-9619-4CAF-B5C8-11DFAB9F8B59}.Fake|Any CPU.Build.0 = Fake|Any CPU
		{0CA79E2A-9619-4CAF-B5C8-11DFAB9F8B59}.Fake|x64.ActiveCfg = Fake|x64
		{0CA79E2A-9619-4CAF-B5C8-11DFAB9F8B59}.Fake|x64.Build.0 = Fake|x64
		{0CA79E2A-9619-4CAF-B5C8-11DFAB9F8B59}.Fake|x86.ActiveCfg = Fake|x86
		{0CA79E2A-9619-4CAF-B5C8-11DFAB9F8B59}.Fake|x86.Build.0 = Fake|x86
		{0CA79E2A-9619-4CAF-B5C8-11DFAB9F8B59}.Release|Any CPU.ActiveCfg = Release|Any CPU
		{0CA79E2A-9619-4CAF-B5C8-11DFAB9F8B59}.Release|Any CPU.Build.0 = Release|Any CPU
		{0CA79E2A-9619-4CAF-B5C8-11DFAB9F8B59}.Release|x64.ActiveCfg = Release|x64
		{0CA79E2A-9619-4CAF-B5C8-11DFAB9F8B59}.Release|x64.Build.0 = Release|x64
		{0CA79E2A-9619-4CAF-B5C8-11DFAB9F8B59}.Release|x86.ActiveCfg = Release|x86
		{0CA79E2A-9619-4CAF-B5C8-11DFAB9F8B59}.Release|x86.Build.0 = Release|x86
		{FDAF66C9-024E-4216-83E1-24DCCEB8308D}.Debug|Any CPU.ActiveCfg = Debug|Any CPU
		{FDAF66C9-024E-4216-83E1-24DCCEB8308D}.Debug|Any CPU.Build.0 = Debug|Any CPU
		{FDAF66C9-024E-4216-83E1-24DCCEB8308D}.Debug|x64.ActiveCfg = Debug|x64
		{FDAF66C9-024E-4216-83E1-24DCCEB8308D}.Debug|x64.Build.0 = Debug|x64
		{FDAF66C9-024E-4216-83E1-24DCCEB8308D}.Debug|x86.ActiveCfg = Debug|x86
		{FDAF66C9-024E-4216-83E1-24DCCEB8308D}.Debug|x86.Build.0 = Debug|x86
		{FDAF66C9-024E-4216-83E1-24DCCEB8308D}.Fake|Any CPU.ActiveCfg = Fake|Any CPU
		{FDAF66C9-024E-4216-83E1-24DCCEB8308D}.Fake|Any CPU.Build.0 = Fake|Any CPU
		{FDAF66C9-024E-4216-83E1-24DCCEB8308D}.Fake|x64.ActiveCfg = Fake|x64
		{FDAF66C9-024E-4216-83E1-24DCCEB8308D}.Fake|x64.Build.0 = Fake|x64
		{FDAF66C9-024E-4216-83E1-24DCCEB8308D}.Fake|x86.ActiveCfg = Fake|x86
		{FDAF66C9-024E-4216-83E1-24DCCEB8308D}.Fake|x86.Build.0 = Fake|x86
		{FDAF66C9-024E-4216-83E1-24DCCEB8308D}.Release|Any CPU.ActiveCfg = Release|Any CPU
		{FDAF66C9-024E-4216-83E1-24DCCEB8308D}.Release|Any CPU.Build.0 = Release|Any CPU
		{FDAF66C9-024E-4216-83E1-24DCCEB8308D}.Release|x64.ActiveCfg = Release|x64
		{FDAF66C9-024E-4216-83E1-24DCCEB8308D}.Release|x64.Build.0 = Release|x64
		{FDAF66C9-024E-4216-83E1-24DCCEB8308D}.Release|x86.ActiveCfg = Release|x86
		{FDAF66C9-024E-4216-83E1-24DCCEB8308D}.Release|x86.Build.0 = Release|x86
		{03FC09BC-2CBE-4CE8-BF55-F8AA73EE2C2A}.Debug|Any CPU.ActiveCfg = Debug|Any CPU
		{03FC09BC-2CBE-4CE8-BF55-F8AA73EE2C2A}.Debug|Any CPU.Build.0 = Debug|Any CPU
		{03FC09BC-2CBE-4CE8-BF55-F8AA73EE2C2A}.Debug|x64.ActiveCfg = Debug|x64
		{03FC09BC-2CBE-4CE8-BF55-F8AA73EE2C2A}.Debug|x64.Build.0 = Debug|x64
		{03FC09BC-2CBE-4CE8-BF55-F8AA73EE2C2A}.Debug|x86.ActiveCfg = Debug|x86
		{03FC09BC-2CBE-4CE8-BF55-F8AA73EE2C2A}.Debug|x86.Build.0 = Debug|x86
		{03FC09BC-2CBE-4CE8-BF55-F8AA73EE2C2A}.Fake|Any CPU.ActiveCfg = Fake|Any CPU
		{03FC09BC-2CBE-4CE8-BF55-F8AA73EE2C2A}.Fake|Any CPU.Build.0 = Fake|Any CPU
		{03FC09BC-2CBE-4CE8-BF55-F8AA73EE2C2A}.Fake|x64.ActiveCfg = Fake|x64
		{03FC09BC-2CBE-4CE8-BF55-F8AA73EE2C2A}.Fake|x64.Build.0 = Fake|x64
		{03FC09BC-2CBE-4CE8-BF55-F8AA73EE2C2A}.Fake|x86.ActiveCfg = Fake|x86
		{03FC09BC-2CBE-4CE8-BF55-F8AA73EE2C2A}.Fake|x86.Build.0 = Fake|x86
		{03FC09BC-2CBE-4CE8-BF55-F8AA73EE2C2A}.Release|Any CPU.ActiveCfg = Release|Any CPU
		{03FC09BC-2CBE-4CE8-BF55-F8AA73EE2C2A}.Release|Any CPU.Build.0 = Release|Any CPU
		{03FC09BC-2CBE-4CE8-BF55-F8AA73EE2C2A}.Release|x64.ActiveCfg = Release|x64
		{03FC09BC-2CBE-4CE8-BF55-F8AA73EE2C2A}.Release|x64.Build.0 = Release|x64
		{03FC09BC-2CBE-4CE8-BF55-F8AA73EE2C2A}.Release|x86.ActiveCfg = Release|x86
		{03FC09BC-2CBE-4CE8-BF55-F8AA73EE2C2A}.Release|x86.Build.0 = Release|x86
		{257943CD-1996-4A83-BFFC-35764A2BEF4D}.Debug|Any CPU.ActiveCfg = Debug|Any CPU
		{257943CD-1996-4A83-BFFC-35764A2BEF4D}.Debug|Any CPU.Build.0 = Debug|Any CPU
		{257943CD-1996-4A83-BFFC-35764A2BEF4D}.Debug|x64.ActiveCfg = Debug|x64
		{257943CD-1996-4A83-BFFC-35764A2BEF4D}.Debug|x64.Build.0 = Debug|x64
		{257943CD-1996-4A83-BFFC-35764A2BEF4D}.Debug|x86.ActiveCfg = Debug|x86
		{257943CD-1996-4A83-BFFC-35764A2BEF4D}.Debug|x86.Build.0 = Debug|x86
		{257943CD-1996-4A83-BFFC-35764A2BEF4D}.Fake|Any CPU.ActiveCfg = Fake|Any CPU
		{257943CD-1996-4A83-BFFC-35764A2BEF4D}.Fake|Any CPU.Build.0 = Fake|Any CPU
		{257943CD-1996-4A83-BFFC-35764A2BEF4D}.Fake|x64.ActiveCfg = Fake|x64
		{257943CD-1996-4A83-BFFC-35764A2BEF4D}.Fake|x64.Build.0 = Fake|x64
		{257943CD-1996-4A83-BFFC-35764A2BEF4D}.Fake|x86.ActiveCfg = Fake|x86
		{257943CD-1996-4A83-BFFC-35764A2BEF4D}.Fake|x86.Build.0 = Fake|x86
		{257943CD-1996-4A83-BFFC-35764A2BEF4D}.Release|Any CPU.ActiveCfg = Release|Any CPU
		{257943CD-1996-4A83-BFFC-35764A2BEF4D}.Release|Any CPU.Build.0 = Release|Any CPU
		{257943CD-1996-4A83-BFFC-35764A2BEF4D}.Release|x64.ActiveCfg = Release|x64
		{257943CD-1996-4A83-BFFC-35764A2BEF4D}.Release|x64.Build.0 = Release|x64
		{257943CD-1996-4A83-BFFC-35764A2BEF4D}.Release|x86.ActiveCfg = Release|x86
		{257943CD-1996-4A83-BFFC-35764A2BEF4D}.Release|x86.Build.0 = Release|x86
		{3AC474A7-0BC6-42CE-91E8-909EE45CABE3}.Debug|Any CPU.ActiveCfg = Debug|Any CPU
		{3AC474A7-0BC6-42CE-91E8-909EE45CABE3}.Debug|Any CPU.Build.0 = Debug|Any CPU
		{3AC474A7-0BC6-42CE-91E8-909EE45CABE3}.Debug|x64.ActiveCfg = Debug|x64
		{3AC474A7-0BC6-42CE-91E8-909EE45CABE3}.Debug|x64.Build.0 = Debug|x64
		{3AC474A7-0BC6-42CE-91E8-909EE45CABE3}.Debug|x86.ActiveCfg = Debug|x86
		{3AC474A7-0BC6-42CE-91E8-909EE45CABE3}.Debug|x86.Build.0 = Debug|x86
		{3AC474A7-0BC6-42CE-91E8-909EE45CABE3}.Fake|Any CPU.ActiveCfg = Fake|Any CPU
		{3AC474A7-0BC6-42CE-91E8-909EE45CABE3}.Fake|Any CPU.Build.0 = Fake|Any CPU
		{3AC474A7-0BC6-42CE-91E8-909EE45CABE3}.Fake|x64.ActiveCfg = Fake|x64
		{3AC474A7-0BC6-42CE-91E8-909EE45CABE3}.Fake|x64.Build.0 = Fake|x64
		{3AC474A7-0BC6-42CE-91E8-909EE45CABE3}.Fake|x86.ActiveCfg = Fake|x86
		{3AC474A7-0BC6-42CE-91E8-909EE45CABE3}.Fake|x86.Build.0 = Fake|x86
		{3AC474A7-0BC6-42CE-91E8-909EE45CABE3}.Release|Any CPU.ActiveCfg = Release|Any CPU
		{3AC474A7-0BC6-42CE-91E8-909EE45CABE3}.Release|Any CPU.Build.0 = Release|Any CPU
		{3AC474A7-0BC6-42CE-91E8-909EE45CABE3}.Release|x64.ActiveCfg = Release|x64
		{3AC474A7-0BC6-42CE-91E8-909EE45CABE3}.Release|x64.Build.0 = Release|x64
		{3AC474A7-0BC6-42CE-91E8-909EE45CABE3}.Release|x86.ActiveCfg = Release|x86
		{3AC474A7-0BC6-42CE-91E8-909EE45CABE3}.Release|x86.Build.0 = Release|x86
		{929A28E5-A8DA-4D9D-A07F-C32908BE1489}.Debug|Any CPU.ActiveCfg = Debug|Any CPU
		{929A28E5-A8DA-4D9D-A07F-C32908BE1489}.Debug|Any CPU.Build.0 = Debug|Any CPU
		{929A28E5-A8DA-4D9D-A07F-C32908BE1489}.Debug|x64.ActiveCfg = Debug|x64
		{929A28E5-A8DA-4D9D-A07F-C32908BE1489}.Debug|x64.Build.0 = Debug|x64
		{929A28E5-A8DA-4D9D-A07F-C32908BE1489}.Debug|x86.ActiveCfg = Debug|x86
		{929A28E5-A8DA-4D9D-A07F-C32908BE1489}.Debug|x86.Build.0 = Debug|x86
		{929A28E5-A8DA-4D9D-A07F-C32908BE1489}.Fake|Any CPU.ActiveCfg = Fake|Any CPU
		{929A28E5-A8DA-4D9D-A07F-C32908BE1489}.Fake|Any CPU.Build.0 = Fake|Any CPU
		{929A28E5-A8DA-4D9D-A07F-C32908BE1489}.Fake|x64.ActiveCfg = Fake|x64
		{929A28E5-A8DA-4D9D-A07F-C32908BE1489}.Fake|x64.Build.0 = Fake|x64
		{929A28E5-A8DA-4D9D-A07F-C32908BE1489}.Fake|x86.ActiveCfg = Fake|x86
		{929A28E5-A8DA-4D9D-A07F-C32908BE1489}.Fake|x86.Build.0 = Fake|x86
		{929A28E5-A8DA-4D9D-A07F-C32908BE1489}.Release|Any CPU.ActiveCfg = Release|Any CPU
		{929A28E5-A8DA-4D9D-A07F-C32908BE1489}.Release|Any CPU.Build.0 = Release|Any CPU
		{929A28E5-A8DA-4D9D-A07F-C32908BE1489}.Release|x64.ActiveCfg = Release|x64
		{929A28E5-A8DA-4D9D-A07F-C32908BE1489}.Release|x64.Build.0 = Release|x64
		{929A28E5-A8DA-4D9D-A07F-C32908BE1489}.Release|x86.ActiveCfg = Release|x86
		{929A28E5-A8DA-4D9D-A07F-C32908BE1489}.Release|x86.Build.0 = Release|x86
		{68919334-534B-4A1E-BBF3-5904D7DD6BC6}.Debug|Any CPU.ActiveCfg = Debug|Any CPU
		{68919334-534B-4A1E-BBF3-5904D7DD6BC6}.Debug|Any CPU.Build.0 = Debug|Any CPU
		{68919334-534B-4A1E-BBF3-5904D7DD6BC6}.Debug|x64.ActiveCfg = Debug|x64
		{68919334-534B-4A1E-BBF3-5904D7DD6BC6}.Debug|x64.Build.0 = Debug|x64
		{68919334-534B-4A1E-BBF3-5904D7DD6BC6}.Debug|x86.ActiveCfg = Debug|x86
		{68919334-534B-4A1E-BBF3-5904D7DD6BC6}.Debug|x86.Build.0 = Debug|x86
		{68919334-534B-4A1E-BBF3-5904D7DD6BC6}.Fake|Any CPU.ActiveCfg = Fake|Any CPU
		{68919334-534B-4A1E-BBF3-5904D7DD6BC6}.Fake|Any CPU.Build.0 = Fake|Any CPU
		{68919334-534B-4A1E-BBF3-5904D7DD6BC6}.Fake|x64.ActiveCfg = Fake|x64
		{68919334-534B-4A1E-BBF3-5904D7DD6BC6}.Fake|x64.Build.0 = Fake|x64
		{68919334-534B-4A1E-BBF3-5904D7DD6BC6}.Fake|x86.ActiveCfg = Fake|x86
		{68919334-534B-4A1E-BBF3-5904D7DD6BC6}.Fake|x86.Build.0 = Fake|x86
		{68919334-534B-4A1E-BBF3-5904D7DD6BC6}.Release|Any CPU.ActiveCfg = Release|Any CPU
		{68919334-534B-4A1E-BBF3-5904D7DD6BC6}.Release|Any CPU.Build.0 = Release|Any CPU
		{68919334-534B-4A1E-BBF3-5904D7DD6BC6}.Release|x64.ActiveCfg = Release|x64
		{68919334-534B-4A1E-BBF3-5904D7DD6BC6}.Release|x64.Build.0 = Release|x64
		{68919334-534B-4A1E-BBF3-5904D7DD6BC6}.Release|x86.ActiveCfg = Release|x86
		{68919334-534B-4A1E-BBF3-5904D7DD6BC6}.Release|x86.Build.0 = Release|x86
		{8A3A1A69-1E50-4B0F-8E3E-D3B3B4B6308C}.Debug|Any CPU.ActiveCfg = Debug|Any CPU
		{8A3A1A69-1E50-4B0F-8E3E-D3B3B4B6308C}.Debug|Any CPU.Build.0 = Debug|Any CPU
		{8A3A1A69-1E50-4B0F-8E3E-D3B3B4B6308C}.Debug|x64.ActiveCfg = Debug|X64
		{8A3A1A69-1E50-4B0F-8E3E-D3B3B4B6308C}.Debug|x64.Build.0 = Debug|X64
		{8A3A1A69-1E50-4B0F-8E3E-D3B3B4B6308C}.Debug|x86.ActiveCfg = Debug|X86
		{8A3A1A69-1E50-4B0F-8E3E-D3B3B4B6308C}.Debug|x86.Build.0 = Debug|X86
		{8A3A1A69-1E50-4B0F-8E3E-D3B3B4B6308C}.Fake|Any CPU.ActiveCfg = Fake|Any CPU
		{8A3A1A69-1E50-4B0F-8E3E-D3B3B4B6308C}.Fake|Any CPU.Build.0 = Fake|Any CPU
		{8A3A1A69-1E50-4B0F-8E3E-D3B3B4B6308C}.Fake|x64.ActiveCfg = Fake|X64
		{8A3A1A69-1E50-4B0F-8E3E-D3B3B4B6308C}.Fake|x64.Build.0 = Fake|X64
		{8A3A1A69-1E50-4B0F-8E3E-D3B3B4B6308C}.Fake|x86.ActiveCfg = Fake|X86
		{8A3A1A69-1E50-4B0F-8E3E-D3B3B4B6308C}.Fake|x86.Build.0 = Fake|X86
		{8A3A1A69-1E50-4B0F-8E3E-D3B3B4B6308C}.Release|Any CPU.ActiveCfg = Release|Any CPU
		{8A3A1A69-1E50-4B0F-8E3E-D3B3B4B6308C}.Release|Any CPU.Build.0 = Release|Any CPU
		{8A3A1A69-1E50-4B0F-8E3E-D3B3B4B6308C}.Release|x64.ActiveCfg = Release|X64
		{8A3A1A69-1E50-4B0F-8E3E-D3B3B4B6308C}.Release|x64.Build.0 = Release|X64
		{8A3A1A69-1E50-4B0F-8E3E-D3B3B4B6308C}.Release|x86.ActiveCfg = Release|X86
		{8A3A1A69-1E50-4B0F-8E3E-D3B3B4B6308C}.Release|x86.Build.0 = Release|X86
		{8AA53612-783C-4068-B200-C80C8E8C9B45}.Debug|Any CPU.ActiveCfg = Debug|Any CPU
		{8AA53612-783C-4068-B200-C80C8E8C9B45}.Debug|Any CPU.Build.0 = Debug|Any CPU
		{8AA53612-783C-4068-B200-C80C8E8C9B45}.Debug|x64.ActiveCfg = Debug|x64
		{8AA53612-783C-4068-B200-C80C8E8C9B45}.Debug|x64.Build.0 = Debug|x64
		{8AA53612-783C-4068-B200-C80C8E8C9B45}.Debug|x86.ActiveCfg = Debug|x86
		{8AA53612-783C-4068-B200-C80C8E8C9B45}.Debug|x86.Build.0 = Debug|x86
		{8AA53612-783C-4068-B200-C80C8E8C9B45}.Fake|Any CPU.ActiveCfg = Fake|Any CPU
		{8AA53612-783C-4068-B200-C80C8E8C9B45}.Fake|Any CPU.Build.0 = Fake|Any CPU
		{8AA53612-783C-4068-B200-C80C8E8C9B45}.Fake|x64.ActiveCfg = Fake|x64
		{8AA53612-783C-4068-B200-C80C8E8C9B45}.Fake|x64.Build.0 = Fake|x64
		{8AA53612-783C-4068-B200-C80C8E8C9B45}.Fake|x86.ActiveCfg = Fake|x86
		{8AA53612-783C-4068-B200-C80C8E8C9B45}.Fake|x86.Build.0 = Fake|x86
		{8AA53612-783C-4068-B200-C80C8E8C9B45}.Release|Any CPU.ActiveCfg = Release|Any CPU
		{8AA53612-783C-4068-B200-C80C8E8C9B45}.Release|Any CPU.Build.0 = Release|Any CPU
		{8AA53612-783C-4068-B200-C80C8E8C9B45}.Release|x64.ActiveCfg = Release|x64
		{8AA53612-783C-4068-B200-C80C8E8C9B45}.Release|x64.Build.0 = Release|x64
		{8AA53612-783C-4068-B200-C80C8E8C9B45}.Release|x86.ActiveCfg = Release|x86
		{8AA53612-783C-4068-B200-C80C8E8C9B45}.Release|x86.Build.0 = Release|x86
		{58294F8C-2719-4DAB-BAAB-5F0CC2EF1AE2}.Debug|Any CPU.ActiveCfg = Debug|Any CPU
		{58294F8C-2719-4DAB-BAAB-5F0CC2EF1AE2}.Debug|Any CPU.Build.0 = Debug|Any CPU
		{58294F8C-2719-4DAB-BAAB-5F0CC2EF1AE2}.Debug|x64.ActiveCfg = Debug|Any CPU
		{58294F8C-2719-4DAB-BAAB-5F0CC2EF1AE2}.Debug|x64.Build.0 = Debug|Any CPU
		{58294F8C-2719-4DAB-BAAB-5F0CC2EF1AE2}.Debug|x86.ActiveCfg = Debug|Any CPU
		{58294F8C-2719-4DAB-BAAB-5F0CC2EF1AE2}.Debug|x86.Build.0 = Debug|Any CPU
		{58294F8C-2719-4DAB-BAAB-5F0CC2EF1AE2}.Fake|Any CPU.ActiveCfg = Fake|Any CPU
		{58294F8C-2719-4DAB-BAAB-5F0CC2EF1AE2}.Fake|Any CPU.Build.0 = Fake|Any CPU
		{58294F8C-2719-4DAB-BAAB-5F0CC2EF1AE2}.Fake|x64.ActiveCfg = Fake|Any CPU
		{58294F8C-2719-4DAB-BAAB-5F0CC2EF1AE2}.Fake|x64.Build.0 = Fake|Any CPU
		{58294F8C-2719-4DAB-BAAB-5F0CC2EF1AE2}.Fake|x86.ActiveCfg = Fake|Any CPU
		{58294F8C-2719-4DAB-BAAB-5F0CC2EF1AE2}.Fake|x86.Build.0 = Fake|Any CPU
		{58294F8C-2719-4DAB-BAAB-5F0CC2EF1AE2}.Release|Any CPU.ActiveCfg = Release|Any CPU
		{58294F8C-2719-4DAB-BAAB-5F0CC2EF1AE2}.Release|Any CPU.Build.0 = Release|Any CPU
		{58294F8C-2719-4DAB-BAAB-5F0CC2EF1AE2}.Release|x64.ActiveCfg = Release|Any CPU
		{58294F8C-2719-4DAB-BAAB-5F0CC2EF1AE2}.Release|x64.Build.0 = Release|Any CPU
		{58294F8C-2719-4DAB-BAAB-5F0CC2EF1AE2}.Release|x86.ActiveCfg = Release|Any CPU
		{58294F8C-2719-4DAB-BAAB-5F0CC2EF1AE2}.Release|x86.Build.0 = Release|Any CPU
	EndGlobalSection
	GlobalSection(SolutionProperties) = preSolution
		HideSolutionNode = FALSE
	EndGlobalSection
	GlobalSection(NestedProjects) = preSolution
		{0CA79E2A-9619-4CAF-B5C8-11DFAB9F8B59} = {3FBFDE2E-281C-464B-A8DF-E3FFC139F9D4}
		{FDAF66C9-024E-4216-83E1-24DCCEB8308D} = {3FBFDE2E-281C-464B-A8DF-E3FFC139F9D4}
		{03FC09BC-2CBE-4CE8-BF55-F8AA73EE2C2A} = {3FBFDE2E-281C-464B-A8DF-E3FFC139F9D4}
		{257943CD-1996-4A83-BFFC-35764A2BEF4D} = {3FBFDE2E-281C-464B-A8DF-E3FFC139F9D4}
		{3AC474A7-0BC6-42CE-91E8-909EE45CABE3} = {3FBFDE2E-281C-464B-A8DF-E3FFC139F9D4}
		{929A28E5-A8DA-4D9D-A07F-C32908BE1489} = {3FBFDE2E-281C-464B-A8DF-E3FFC139F9D4}
		{68919334-534B-4A1E-BBF3-5904D7DD6BC6} = {3FBFDE2E-281C-464B-A8DF-E3FFC139F9D4}
		{8A3A1A69-1E50-4B0F-8E3E-D3B3B4B6308C} = {A6B824A9-0F9E-4D7A-AB0E-9E6E0B4B4D5C}
	EndGlobalSection
	GlobalSection(ExtensibilityGlobals) = postSolution
		SolutionGuid = {396C8FA6-957F-420D-B557-636A8389142E}
	EndGlobalSection
EndGlobal
