Microsoft Visual Studio Solution File, Format Version 12.00
# Visual Studio Version 17
VisualStudioVersion = 17.5.2.0
MinimumVisualStudioVersion = 10.0.40219.1
Project("{FAE04EC0-301F-11D3-BF4B-00C04F79EFBC}") = "CanKit.Adapter.Kvaser", "CanKit.Adapter.Kvaser\CanKit.Adapter.Kvaser.csproj", "{CF6AE709-DB98-6FCF-44D7-9EF8F1276FDB}"
EndProject
Project("{FAE04EC0-301F-11D3-BF4B-00C04F79EFBC}") = "CanKit.Adapter.PCAN", "CanKit.Adapter.PCAN\CanKit.Adapter.PCAN.csproj", "{6BAC6990-5F0D-8DBE-A92A-A645548B5773}"
EndProject
Project("{FAE04EC0-301F-11D3-BF4B-00C04F79EFBC}") = "CanKit.Adapter.SocketCAN", "CanKit.Adapter.SocketCAN\CanKit.Adapter.SocketCAN.csproj", "{E0ED7497-3C40-4DAF-D70D-4413AB4C9EAC}"
EndProject
Project("{FAE04EC0-301F-11D3-BF4B-00C04F79EFBC}") = "CanKit.Adapter.Virtual", "CanKit.Adapter.Virtual\CanKit.Adapter.Virtual.csproj", "{233B223F-CB7B-355C-A7D9-3C814C1FCDB6}"
EndProject
Project("{FAE04EC0-301F-11D3-BF4B-00C04F79EFBC}") = "CanKit.Adapter.ZLG", "CanKit.Adapter.ZLG\CanKit.Adapter.ZLG.csproj", "{3F394216-E73D-EB8E-A7A0-FEBA7A71C67C}"
EndProject
Project("{FAE04EC0-301F-11D3-BF4B-00C04F79EFBC}") = "CanKit.Core", "CanKit.Core\CanKit.Core.csproj", "{B9FAB09D-D84D-DFC6-D347-27C6D35822BF}"
EndProject
Global
	GlobalSection(SolutionConfigurationPlatforms) = preSolution
		Debug|Any CPU = Debug|Any CPU
		Release|Any CPU = Release|Any CPU
	EndGlobalSection
	GlobalSection(ProjectConfigurationPlatforms) = postSolution
		{CF6AE709-DB98-6FCF-44D7-9EF8F1276FDB}.Debug|Any CPU.ActiveCfg = Debug|Any CPU
		{CF6AE709-DB98-6FCF-44D7-9EF8F1276FDB}.Debug|Any CPU.Build.0 = Debug|Any CPU
		{CF6AE709-DB98-6FCF-44D7-9EF8F1276FDB}.Release|Any CPU.ActiveCfg = Release|Any CPU
		{CF6AE709-DB98-6FCF-44D7-9EF8F1276FDB}.Release|Any CPU.Build.0 = Release|Any CPU
		{6BAC6990-5F0D-8DBE-A92A-A645548B5773}.Debug|Any CPU.ActiveCfg = Debug|Any CPU
		{6BAC6990-5F0D-8DBE-A92A-A645548B5773}.Debug|Any CPU.Build.0 = Debug|Any CPU
		{6BAC6990-5F0D-8DBE-A92A-A645548B5773}.Release|Any CPU.ActiveCfg = Release|Any CPU
		{6BAC6990-5F0D-8DBE-A92A-A645548B5773}.Release|Any CPU.Build.0 = Release|Any CPU
		{E0ED7497-3C40-4DAF-D70D-4413AB4C9EAC}.Debug|Any CPU.ActiveCfg = Debug|Any CPU
		{E0ED7497-3C40-4DAF-D70D-4413AB4C9EAC}.Debug|Any CPU.Build.0 = Debug|Any CPU
		{E0ED7497-3C40-4DAF-D70D-4413AB4C9EAC}.Release|Any CPU.ActiveCfg = Release|Any CPU
		{E0ED7497-3C40-4DAF-D70D-4413AB4C9EAC}.Release|Any CPU.Build.0 = Release|Any CPU
		{233B223F-CB7B-355C-A7D9-3C814C1FCDB6}.Debug|Any CPU.ActiveCfg = Debug|Any CPU
		{233B223F-CB7B-355C-A7D9-3C814C1FCDB6}.Debug|Any CPU.Build.0 = Debug|Any CPU
		{233B223F-CB7B-355C-A7D9-3C814C1FCDB6}.Release|Any CPU.ActiveCfg = Release|Any CPU
		{233B223F-CB7B-355C-A7D9-3C814C1FCDB6}.Release|Any CPU.Build.0 = Release|Any CPU
		{3F394216-E73D-EB8E-A7A0-FEBA7A71C67C}.Debug|Any CPU.ActiveCfg = Debug|Any CPU
		{3F394216-E73D-EB8E-A7A0-FEBA7A71C67C}.Debug|Any CPU.Build.0 = Debug|Any CPU
		{3F394216-E73D-EB8E-A7A0-FEBA7A71C67C}.Release|Any CPU.ActiveCfg = Release|Any CPU
		{3F394216-E73D-EB8E-A7A0-FEBA7A71C67C}.Release|Any CPU.Build.0 = Release|Any CPU
		{B9FAB09D-D84D-DFC6-D347-27C6D35822BF}.Debug|Any CPU.ActiveCfg = Debug|Any CPU
		{B9FAB09D-D84D-DFC6-D347-27C6D35822BF}.Debug|Any CPU.Build.0 = Debug|Any CPU
		{B9FAB09D-D84D-DFC6-D347-27C6D35822BF}.Release|Any CPU.ActiveCfg = Release|Any CPU
		{B9FAB09D-D84D-DFC6-D347-27C6D35822BF}.Release|Any CPU.Build.0 = Release|Any CPU
	EndGlobalSection
	GlobalSection(SolutionProperties) = preSolution
		HideSolutionNode = FALSE
	EndGlobalSection
	GlobalSection(ExtensibilityGlobals) = postSolution
		SolutionGuid = {D8E67393-30A1-46A3-A714-4AD02883424C}
	EndGlobalSection
EndGlobal
